
Microsoft Visual Studio Solution File, Format Version 12.00
# Visual Studio Version 16
VisualStudioVersion = 16.0.31005.135
MinimumVisualStudioVersion = 10.0.40219.1
Project("{9A19103F-16F7-4668-BE54-9A1E7A4F7556}") = "Assignment1", "Assignment1\Assignment1.csproj", "{8DFA1CDF-16E3-4FBD-8469-EB01ED193D9B}"
EndProject
Project("{9A19103F-16F7-4668-BE54-9A1E7A4F7556}") = "Model", "Model\Model.csproj", "{898FC72C-3D7C-4415-A9C8-3BE023192288}"
EndProject
Project("{FAE04EC0-301F-11D3-BF4B-00C04F79EFBC}") = "DAL", "DAL\DAL.csproj", "{00103509-24D2-4897-8DA8-908F49C619D3}"
EndProject
Project("{FAE04EC0-301F-11D3-BF4B-00C04F79EFBC}") = "Assignment2", "Assignment2\Assignment2.csproj", "{AF186BAE-E9DD-40C1-9D1E-7529D10ED0AB}"
EndProject
Global
	GlobalSection(SolutionConfigurationPlatforms) = preSolution
		Debug|Any CPU = Debug|Any CPU
		Release|Any CPU = Release|Any CPU
	EndGlobalSection
	GlobalSection(ProjectConfigurationPlatforms) = postSolution
		{8DFA1CDF-16E3-4FBD-8469-EB01ED193D9B}.Debug|Any CPU.ActiveCfg = Debug|Any CPU
		{8DFA1CDF-16E3-4FBD-8469-EB01ED193D9B}.Debug|Any CPU.Build.0 = Debug|Any CPU
		{8DFA1CDF-16E3-4FBD-8469-EB01ED193D9B}.Release|Any CPU.ActiveCfg = Release|Any CPU
		{8DFA1CDF-16E3-4FBD-8469-EB01ED193D9B}.Release|Any CPU.Build.0 = Release|Any CPU
		{898FC72C-3D7C-4415-A9C8-3BE023192288}.Debug|Any CPU.ActiveCfg = Debug|Any CPU
		{898FC72C-3D7C-4415-A9C8-3BE023192288}.Debug|Any CPU.Build.0 = Debug|Any CPU
		{898FC72C-3D7C-4415-A9C8-3BE023192288}.Release|Any CPU.ActiveCfg = Release|Any CPU
		{898FC72C-3D7C-4415-A9C8-3BE023192288}.Release|Any CPU.Build.0 = Release|Any CPU
		{00103509-24D2-4897-8DA8-908F49C619D3}.Debug|Any CPU.ActiveCfg = Debug|Any CPU
		{00103509-24D2-4897-8DA8-908F49C619D3}.Debug|Any CPU.Build.0 = Debug|Any CPU
		{00103509-24D2-4897-8DA8-908F49C619D3}.Release|Any CPU.ActiveCfg = Release|Any CPU
		{00103509-24D2-4897-8DA8-908F49C619D3}.Release|Any CPU.Build.0 = Release|Any CPU
		{AF186BAE-E9DD-40C1-9D1E-7529D10ED0AB}.Debug|Any CPU.ActiveCfg = Debug|Any CPU
		{AF186BAE-E9DD-40C1-9D1E-7529D10ED0AB}.Debug|Any CPU.Build.0 = Debug|Any CPU
		{AF186BAE-E9DD-40C1-9D1E-7529D10ED0AB}.Release|Any CPU.ActiveCfg = Release|Any CPU
		{AF186BAE-E9DD-40C1-9D1E-7529D10ED0AB}.Release|Any CPU.Build.0 = Release|Any CPU
	EndGlobalSection
	GlobalSection(SolutionProperties) = preSolution
		HideSolutionNode = FALSE
	EndGlobalSection
	GlobalSection(ExtensibilityGlobals) = postSolution
		SolutionGuid = {376EC6F7-5A41-4C0B-8467-25F4514ED263}
	EndGlobalSection
EndGlobal
