
Microsoft Visual Studio Solution File, Format Version 12.00
# Visual Studio Version 16
VisualStudioVersion = 16.0.30413.136
MinimumVisualStudioVersion = 10.0.40219.1
Project("{9A19103F-16F7-4668-BE54-9A1E7A4F7556}") = "opdracht 2", "opdracht 2.csproj", "{2E48E94E-3D2B-415D-957F-26229F74EF3A}"
EndProject
Global
	GlobalSection(SolutionConfigurationPlatforms) = preSolution
		Debug|Any CPU = Debug|Any CPU
		Release|Any CPU = Release|Any CPU
	EndGlobalSection
	GlobalSection(ProjectConfigurationPlatforms) = postSolution
		{2E48E94E-3D2B-415D-957F-26229F74EF3A}.Debug|Any CPU.ActiveCfg = Debug|Any CPU
		{2E48E94E-3D2B-415D-957F-26229F74EF3A}.Debug|Any CPU.Build.0 = Debug|Any CPU
		{2E48E94E-3D2B-415D-957F-26229F74EF3A}.Release|Any CPU.ActiveCfg = Release|Any CPU
		{2E48E94E-3D2B-415D-957F-26229F74EF3A}.Release|Any CPU.Build.0 = Release|Any CPU
	EndGlobalSection
	GlobalSection(SolutionProperties) = preSolution
		HideSolutionNode = FALSE
	EndGlobalSection
	GlobalSection(ExtensibilityGlobals) = postSolution
		SolutionGuid = {CEDC458C-1BA7-4CF5-A7A7-1C69ADDC6FC6}
	EndGlobalSection
EndGlobal
