
Microsoft Visual Studio Solution File, Format Version 12.00
# Visual Studio Version 16
VisualStudioVersion = 16.0.30717.126
MinimumVisualStudioVersion = 10.0.40219.1
Project("{9A19103F-16F7-4668-BE54-9A1E7A4F7556}") = "assignment1", "assignment1\assignment1.csproj", "{2A903D38-D09A-409A-A575-DF8DC31D5C41}"
EndProject
Project("{9A19103F-16F7-4668-BE54-9A1E7A4F7556}") = "assignment2", "assignment2\assignment2.csproj", "{907BF3FB-865B-4E56-9CF5-BE70477EB328}"
EndProject
Project("{FAE04EC0-301F-11D3-BF4B-00C04F79EFBC}") = "assignment3", "assignment3\assignment3.csproj", "{6C7E212E-919F-465A-88B1-CD0F7CBB3F71}"
EndProject
Global
	GlobalSection(SolutionConfigurationPlatforms) = preSolution
		Debug|Any CPU = Debug|Any CPU
		Release|Any CPU = Release|Any CPU
	EndGlobalSection
	GlobalSection(ProjectConfigurationPlatforms) = postSolution
		{2A903D38-D09A-409A-A575-DF8DC31D5C41}.Debug|Any CPU.ActiveCfg = Debug|Any CPU
		{2A903D38-D09A-409A-A575-DF8DC31D5C41}.Debug|Any CPU.Build.0 = Debug|Any CPU
		{2A903D38-D09A-409A-A575-DF8DC31D5C41}.Release|Any CPU.ActiveCfg = Release|Any CPU
		{2A903D38-D09A-409A-A575-DF8DC31D5C41}.Release|Any CPU.Build.0 = Release|Any CPU
		{907BF3FB-865B-4E56-9CF5-BE70477EB328}.Debug|Any CPU.ActiveCfg = Debug|Any CPU
		{907BF3FB-865B-4E56-9CF5-BE70477EB328}.Debug|Any CPU.Build.0 = Debug|Any CPU
		{907BF3FB-865B-4E56-9CF5-BE70477EB328}.Release|Any CPU.ActiveCfg = Release|Any CPU
		{907BF3FB-865B-4E56-9CF5-BE70477EB328}.Release|Any CPU.Build.0 = Release|Any CPU
		{6C7E212E-919F-465A-88B1-CD0F7CBB3F71}.Debug|Any CPU.ActiveCfg = Debug|Any CPU
		{6C7E212E-919F-465A-88B1-CD0F7CBB3F71}.Debug|Any CPU.Build.0 = Debug|Any CPU
		{6C7E212E-919F-465A-88B1-CD0F7CBB3F71}.Release|Any CPU.ActiveCfg = Release|Any CPU
		{6C7E212E-919F-465A-88B1-CD0F7CBB3F71}.Release|Any CPU.Build.0 = Release|Any CPU
	EndGlobalSection
	GlobalSection(SolutionProperties) = preSolution
		HideSolutionNode = FALSE
	EndGlobalSection
	GlobalSection(ExtensibilityGlobals) = postSolution
		SolutionGuid = {2366F113-AD30-4BB5-872A-AB25CB7344D1}
	EndGlobalSection
EndGlobal
