
Microsoft Visual Studio Solution File, Format Version 12.00
# Visual Studio Version 16
VisualStudioVersion = 16.0.30413.136
MinimumVisualStudioVersion = 10.0.40219.1
Project("{9A19103F-16F7-4668-BE54-9A1E7A4F7556}") = "opdracht 1", "opdracht 1.csproj", "{EAAC2DEC-0DA9-47FF-B6ED-F55221A487EE}"
EndProject
Project("{FAE04EC0-301F-11D3-BF4B-00C04F79EFBC}") = "opdracht 2", "..\opdracht 2\opdracht 2.csproj", "{52777CE5-6830-4392-8B12-3F77FE1BB70E}"
EndProject
Global
	GlobalSection(SolutionConfigurationPlatforms) = preSolution
		Debug|Any CPU = Debug|Any CPU
		Release|Any CPU = Release|Any CPU
	EndGlobalSection
	GlobalSection(ProjectConfigurationPlatforms) = postSolution
		{EAAC2DEC-0DA9-47FF-B6ED-F55221A487EE}.Debug|Any CPU.ActiveCfg = Debug|Any CPU
		{EAAC2DEC-0DA9-47FF-B6ED-F55221A487EE}.Debug|Any CPU.Build.0 = Debug|Any CPU
		{EAAC2DEC-0DA9-47FF-B6ED-F55221A487EE}.Release|Any CPU.ActiveCfg = Release|Any CPU
		{EAAC2DEC-0DA9-47FF-B6ED-F55221A487EE}.Release|Any CPU.Build.0 = Release|Any CPU
		{52777CE5-6830-4392-8B12-3F77FE1BB70E}.Debug|Any CPU.ActiveCfg = Debug|Any CPU
		{52777CE5-6830-4392-8B12-3F77FE1BB70E}.Debug|Any CPU.Build.0 = Debug|Any CPU
		{52777CE5-6830-4392-8B12-3F77FE1BB70E}.Release|Any CPU.ActiveCfg = Release|Any CPU
		{52777CE5-6830-4392-8B12-3F77FE1BB70E}.Release|Any CPU.Build.0 = Release|Any CPU
	EndGlobalSection
	GlobalSection(SolutionProperties) = preSolution
		HideSolutionNode = FALSE
	EndGlobalSection
	GlobalSection(ExtensibilityGlobals) = postSolution
		SolutionGuid = {69356530-2333-4826-B31F-51736282BAEC}
	EndGlobalSection
EndGlobal
