
Microsoft Visual Studio Solution File, Format Version 12.00
# Visual Studio Version 16
VisualStudioVersion = 16.0.30413.136
MinimumVisualStudioVersion = 10.0.40219.1
Project("{9A19103F-16F7-4668-BE54-9A1E7A4F7556}") = "opdracht 1", "opdracht 1.csproj", "{35191643-0965-4CFF-8ABE-0E862F5955A3}"
EndProject
Project("{9A19103F-16F7-4668-BE54-9A1E7A4F7556}") = "opdracht 2", "..\assignment2\opdracht 2.csproj", "{15E4966C-2CDE-40F4-8D21-C30815305FE2}"
EndProject
Project("{9A19103F-16F7-4668-BE54-9A1E7A4F7556}") = "opdracht 3", "..\assignment3\opdracht 3.csproj", "{7CB16BE2-641D-4038-B6ED-37BB84B5B86B}"
EndProject
Project("{9A19103F-16F7-4668-BE54-9A1E7A4F7556}") = "Opdracht4", "..\assignment4\Opdracht4.csproj", "{ED25819B-5D94-4875-9C1A-C601D12BF092}"
EndProject
Global
	GlobalSection(SolutionConfigurationPlatforms) = preSolution
		Debug|Any CPU = Debug|Any CPU
		Release|Any CPU = Release|Any CPU
	EndGlobalSection
	GlobalSection(ProjectConfigurationPlatforms) = postSolution
		{35191643-0965-4CFF-8ABE-0E862F5955A3}.Debug|Any CPU.ActiveCfg = Debug|Any CPU
		{35191643-0965-4CFF-8ABE-0E862F5955A3}.Debug|Any CPU.Build.0 = Debug|Any CPU
		{35191643-0965-4CFF-8ABE-0E862F5955A3}.Release|Any CPU.ActiveCfg = Release|Any CPU
		{35191643-0965-4CFF-8ABE-0E862F5955A3}.Release|Any CPU.Build.0 = Release|Any CPU
		{15E4966C-2CDE-40F4-8D21-C30815305FE2}.Debug|Any CPU.ActiveCfg = Debug|Any CPU
		{15E4966C-2CDE-40F4-8D21-C30815305FE2}.Debug|Any CPU.Build.0 = Debug|Any CPU
		{15E4966C-2CDE-40F4-8D21-C30815305FE2}.Release|Any CPU.ActiveCfg = Release|Any CPU
		{15E4966C-2CDE-40F4-8D21-C30815305FE2}.Release|Any CPU.Build.0 = Release|Any CPU
		{7CB16BE2-641D-4038-B6ED-37BB84B5B86B}.Debug|Any CPU.ActiveCfg = Debug|Any CPU
		{7CB16BE2-641D-4038-B6ED-37BB84B5B86B}.Debug|Any CPU.Build.0 = Debug|Any CPU
		{7CB16BE2-641D-4038-B6ED-37BB84B5B86B}.Release|Any CPU.ActiveCfg = Release|Any CPU
		{7CB16BE2-641D-4038-B6ED-37BB84B5B86B}.Release|Any CPU.Build.0 = Release|Any CPU
		{ED25819B-5D94-4875-9C1A-C601D12BF092}.Debug|Any CPU.ActiveCfg = Debug|Any CPU
		{ED25819B-5D94-4875-9C1A-C601D12BF092}.Debug|Any CPU.Build.0 = Debug|Any CPU
		{ED25819B-5D94-4875-9C1A-C601D12BF092}.Release|Any CPU.ActiveCfg = Release|Any CPU
		{ED25819B-5D94-4875-9C1A-C601D12BF092}.Release|Any CPU.Build.0 = Release|Any CPU
	EndGlobalSection
	GlobalSection(SolutionProperties) = preSolution
		HideSolutionNode = FALSE
	EndGlobalSection
	GlobalSection(ExtensibilityGlobals) = postSolution
		SolutionGuid = {53681529-F49E-466F-9386-C5B4EC629827}
	EndGlobalSection
EndGlobal
